
Microsoft Visual Studio Solution File, Format Version 12.00
# Visual Studio Version 17
VisualStudioVersion = 17.10.34928.147
MinimumVisualStudioVersion = 10.0.40219.1
Project("{FAE04EC0-301F-11D3-BF4B-00C04F79EFBC}") = "Listener", "Listener\Listener.csproj", "{6176D1A7-08C8-479B-996B-E6C63A6BF8AE}"
EndProject
Global
	GlobalSection(SolutionConfigurationPlatforms) = preSolution
		Debug|Any CPU = Debug|Any CPU
		Debug|x64 = Debug|x64
		Release|Any CPU = Release|Any CPU
		Release|x64 = Release|x64
	EndGlobalSection
	GlobalSection(ProjectConfigurationPlatforms) = postSolution
		{6176D1A7-08C8-479B-996B-E6C63A6BF8AE}.Debug|Any CPU.ActiveCfg = Debug|Any CPU
		{6176D1A7-08C8-479B-996B-E6C63A6BF8AE}.Debug|Any CPU.Build.0 = Debug|Any CPU
		{6176D1A7-08C8-479B-996B-E6C63A6BF8AE}.Debug|x64.ActiveCfg = Debug|x64
		{6176D1A7-08C8-479B-996B-E6C63A6BF8AE}.Debug|x64.Build.0 = Debug|x64
		{6176D1A7-08C8-479B-996B-E6C63A6BF8AE}.Release|Any CPU.ActiveCfg = Release|Any CPU
		{6176D1A7-08C8-479B-996B-E6C63A6BF8AE}.Release|Any CPU.Build.0 = Release|Any CPU
		{6176D1A7-08C8-479B-996B-E6C63A6BF8AE}.Release|x64.ActiveCfg = Release|x64
		{6176D1A7-08C8-479B-996B-E6C63A6BF8AE}.Release|x64.Build.0 = Release|x64
	EndGlobalSection
	GlobalSection(SolutionProperties) = preSolution
		HideSolutionNode = FALSE
	EndGlobalSection
	GlobalSection(ExtensibilityGlobals) = postSolution
		SolutionGuid = {665F0F87-E3CF-4E77-8937-3C8403625FFA}
	EndGlobalSection
EndGlobal
